
Microsoft Visual Studio Solution File, Format Version 12.00
# Visual Studio Version 16
VisualStudioVersion = 16.0.28803.452
MinimumVisualStudioVersion = 10.0.40219.1
Project("{FAE04EC0-301F-11D3-BF4B-00C04F79EFBC}") = "eMSI-NIP", "eMSI-NIP\eMSI-NIP.csproj", "{A79067B5-D867-48F9-B23B-42BDF4D9D0D5}"
EndProject
Global
	GlobalSection(SolutionConfigurationPlatforms) = preSolution
		Debug|Any CPU = Debug|Any CPU
		Release|Any CPU = Release|Any CPU
	EndGlobalSection
	GlobalSection(ProjectConfigurationPlatforms) = postSolution
		{A79067B5-D867-48F9-B23B-42BDF4D9D0D5}.Debug|Any CPU.ActiveCfg = Debug|Any CPU
		{A79067B5-D867-48F9-B23B-42BDF4D9D0D5}.Debug|Any CPU.Build.0 = Debug|Any CPU
		{A79067B5-D867-48F9-B23B-42BDF4D9D0D5}.Release|Any CPU.ActiveCfg = Release|Any CPU
		{A79067B5-D867-48F9-B23B-42BDF4D9D0D5}.Release|Any CPU.Build.0 = Release|Any CPU
	EndGlobalSection
	GlobalSection(SolutionProperties) = preSolution
		HideSolutionNode = FALSE
	EndGlobalSection
	GlobalSection(ExtensibilityGlobals) = postSolution
		SolutionGuid = {679EB78C-DF2E-4A04-B3E2-53FE43C6828A}
	EndGlobalSection
EndGlobal
